// !$*UTF8*$!
{
	archiveVersion = 1;
	classes = {
	};
	objectVersion = 46;
	objects = {

/* Begin PBXBuildFile section */
		0C59F5291C983C7700BFEDDB /* demo.gif in Resources */ = {isa = PBXBuildFile; fileRef = 0C59F5281C983C7700BFEDDB /* demo.gif */; };
		0C5B855A1C900C2E00B7C8EF /* main.m in Sources */ = {isa = PBXBuildFile; fileRef = 0C5B85591C900C2E00B7C8EF /* main.m */; };
		0C5B855D1C900C2E00B7C8EF /* AppDelegate.m in Sources */ = {isa = PBXBuildFile; fileRef = 0C5B855C1C900C2E00B7C8EF /* AppDelegate.m */; };
		0C5B85601C900C2E00B7C8EF /* ViewController.m in Sources */ = {isa = PBXBuildFile; fileRef = 0C5B855F1C900C2E00B7C8EF /* ViewController.m */; };
		0C5B85631C900C2E00B7C8EF /* Main.storyboard in Resources */ = {isa = PBXBuildFile; fileRef = 0C5B85611C900C2E00B7C8EF /* Main.storyboard */; };
		0C5B85651C900C2E00B7C8EF /* Assets.xcassets in Resources */ = {isa = PBXBuildFile; fileRef = 0C5B85641C900C2E00B7C8EF /* Assets.xcassets */; };
		0C5B85681C900C2E00B7C8EF /* LaunchScreen.storyboard in Resources */ = {isa = PBXBuildFile; fileRef = 0C5B85661C900C2E00B7C8EF /* LaunchScreen.storyboard */; };
		0C5B85731C900C2F00B7C8EF /* PageScrollViewTests.m in Sources */ = {isa = PBXBuildFile; fileRef = 0C5B85721C900C2F00B7C8EF /* PageScrollViewTests.m */; };
		0C5B857E1C900C2F00B7C8EF /* PageScrollViewUITests.m in Sources */ = {isa = PBXBuildFile; fileRef = 0C5B857D1C900C2F00B7C8EF /* PageScrollViewUITests.m */; };
		0C5B858E1C900C6900B7C8EF /* PageScrollView.m in Sources */ = {isa = PBXBuildFile; fileRef = 0C5B858D1C900C6900B7C8EF /* PageScrollView.m */; };
		0C5B85961C9256B800B7C8EF /* ProgressHud.m in Sources */ = {isa = PBXBuildFile; fileRef = 0C5B85951C9256B800B7C8EF /* ProgressHud.m */; };
/* End PBXBuildFile section */

/* Begin PBXContainerItemProxy section */
		0C5B856F1C900C2F00B7C8EF /* PBXContainerItemProxy */ = {
			isa = PBXContainerItemProxy;
			containerPortal = 0C5B854D1C900C2E00B7C8EF /* Project object */;
			proxyType = 1;
			remoteGlobalIDString = 0C5B85541C900C2E00B7C8EF;
			remoteInfo = PageScrollView;
		};
		0C5B857A1C900C2F00B7C8EF /* PBXContainerItemProxy */ = {
			isa = PBXContainerItemProxy;
			containerPortal = 0C5B854D1C900C2E00B7C8EF /* Project object */;
			proxyType = 1;
			remoteGlobalIDString = 0C5B85541C900C2E00B7C8EF;
			remoteInfo = PageScrollView;
		};
/* End PBXContainerItemProxy section */

/* Begin PBXFileReference section */
		0C59F5281C983C7700BFEDDB /* demo.gif */ = {isa = PBXFileReference; lastKnownFileType = image.gif; path = demo.gif; sourceTree = "<group>"; };
		0C5B85551C900C2E00B7C8EF /* PageScrollView.app */ = {isa = PBXFileReference; explicitFileType = wrapper.application; includeInIndex = 0; path = PageScrollView.app; sourceTree = BUILT_PRODUCTS_DIR; };
		0C5B85591C900C2E00B7C8EF /* main.m */ = {isa = PBXFileReference; lastKnownFileType = sourcecode.c.objc; path = main.m; sourceTree = "<group>"; };
		0C5B855B1C900C2E00B7C8EF /* AppDelegate.h */ = {isa = PBXFileReference; lastKnownFileType = sourcecode.c.h; path = AppDelegate.h; sourceTree = "<group>"; };
		0C5B855C1C900C2E00B7C8EF /* AppDelegate.m */ = {isa = PBXFileReference; lastKnownFileType = sourcecode.c.objc; path = AppDelegate.m; sourceTree = "<group>"; };
		0C5B855E1C900C2E00B7C8EF /* ViewController.h */ = {isa = PBXFileReference; lastKnownFileType = sourcecode.c.h; path = ViewController.h; sourceTree = "<group>"; };
		0C5B855F1C900C2E00B7C8EF /* ViewController.m */ = {isa = PBXFileReference; lastKnownFileType = sourcecode.c.objc; path = ViewController.m; sourceTree = "<group>"; };
		0C5B85621C900C2E00B7C8EF /* Base */ = {isa = PBXFileReference; lastKnownFileType = file.storyboard; name = Base; path = Base.lproj/Main.storyboard; sourceTree = "<group>"; };
		0C5B85641C900C2E00B7C8EF /* Assets.xcassets */ = {isa = PBXFileReference; lastKnownFileType = folder.assetcatalog; path = Assets.xcassets; sourceTree = "<group>"; };
		0C5B85671C900C2E00B7C8EF /* Base */ = {isa = PBXFileReference; lastKnownFileType = file.storyboard; name = Base; path = Base.lproj/LaunchScreen.storyboard; sourceTree = "<group>"; };
		0C5B85691C900C2E00B7C8EF /* Info.plist */ = {isa = PBXFileReference; lastKnownFileType = text.plist.xml; path = Info.plist; sourceTree = "<group>"; };
		0C5B856E1C900C2F00B7C8EF /* PageScrollViewTests.xctest */ = {isa = PBXFileReference; explicitFileType = wrapper.cfbundle; includeInIndex = 0; path = PageScrollViewTests.xctest; sourceTree = BUILT_PRODUCTS_DIR; };
		0C5B85721C900C2F00B7C8EF /* PageScrollViewTests.m */ = {isa = PBXFileReference; lastKnownFileType = sourcecode.c.objc; path = PageScrollViewTests.m; sourceTree = "<group>"; };
		0C5B85741C900C2F00B7C8EF /* Info.plist */ = {isa = PBXFileReference; lastKnownFileType = text.plist.xml; path = Info.plist; sourceTree = "<group>"; };
		0C5B85791C900C2F00B7C8EF /* PageScrollViewUITests.xctest */ = {isa = PBXFileReference; explicitFileType = wrapper.cfbundle; includeInIndex = 0; path = PageScrollViewUITests.xctest; sourceTree = BUILT_PRODUCTS_DIR; };
		0C5B857D1C900C2F00B7C8EF /* PageScrollViewUITests.m */ = {isa = PBXFileReference; lastKnownFileType = sourcecode.c.objc; path = PageScrollViewUITests.m; sourceTree = "<group>"; };
		0C5B857F1C900C2F00B7C8EF /* Info.plist */ = {isa = PBXFileReference; lastKnownFileType = text.plist.xml; path = Info.plist; sourceTree = "<group>"; };
		0C5B858C1C900C6900B7C8EF /* PageScrollView.h */ = {isa = PBXFileReference; fileEncoding = 4; lastKnownFileType = sourcecode.c.h; path = PageScrollView.h; sourceTree = "<group>"; };
		0C5B858D1C900C6900B7C8EF /* PageScrollView.m */ = {isa = PBXFileReference; fileEncoding = 4; lastKnownFileType = sourcecode.c.objc; path = PageScrollView.m; sourceTree = "<group>"; };
		0C5B85941C9256B800B7C8EF /* ProgressHud.h */ = {isa = PBXFileReference; fileEncoding = 4; lastKnownFileType = sourcecode.c.h; path = ProgressHud.h; sourceTree = "<group>"; };
		0C5B85951C9256B800B7C8EF /* ProgressHud.m */ = {isa = PBXFileReference; fileEncoding = 4; lastKnownFileType = sourcecode.c.objc; path = ProgressHud.m; sourceTree = "<group>"; };
/* End PBXFileReference section */

/* Begin PBXFrameworksBuildPhase section */
		0C5B85521C900C2E00B7C8EF /* Frameworks */ = {
			isa = PBXFrameworksBuildPhase;
			buildActionMask = 2147483647;
			files = (
			);
			runOnlyForDeploymentPostprocessing = 0;
		};
		0C5B856B1C900C2F00B7C8EF /* Frameworks */ = {
			isa = PBXFrameworksBuildPhase;
			buildActionMask = 2147483647;
			files = (
			);
			runOnlyForDeploymentPostprocessing = 0;
		};
		0C5B85761C900C2F00B7C8EF /* Frameworks */ = {
			isa = PBXFrameworksBuildPhase;
			buildActionMask = 2147483647;
			files = (
			);
			runOnlyForDeploymentPostprocessing = 0;
		};
/* End PBXFrameworksBuildPhase section */

/* Begin PBXGroup section */
		0C59F5271C983C7700BFEDDB /* Resources */ = {
			isa = PBXGroup;
			children = (
				0C59F5281C983C7700BFEDDB /* demo.gif */,
			);
			path = Resources;
			sourceTree = "<group>";
		};
		0C5B854C1C900C2E00B7C8EF = {
			isa = PBXGroup;
			children = (
				0C5B85571C900C2E00B7C8EF /* PageScrollView */,
				0C5B85711C900C2F00B7C8EF /* PageScrollViewTests */,
				0C5B857C1C900C2F00B7C8EF /* PageScrollViewUITests */,
				0C5B85561C900C2E00B7C8EF /* Products */,
			);
			sourceTree = "<group>";
		};
		0C5B85561C900C2E00B7C8EF /* Products */ = {
			isa = PBXGroup;
			children = (
				0C5B85551C900C2E00B7C8EF /* PageScrollView.app */,
				0C5B856E1C900C2F00B7C8EF /* PageScrollViewTests.xctest */,
				0C5B85791C900C2F00B7C8EF /* PageScrollViewUITests.xctest */,
			);
			name = Products;
			sourceTree = "<group>";
		};
		0C5B85571C900C2E00B7C8EF /* PageScrollView */ = {
			isa = PBXGroup;
			children = (
				0C59F5271C983C7700BFEDDB /* Resources */,
				0C5B85931C92569D00B7C8EF /* ProgressHud */,
				0C5B858B1C900C4C00B7C8EF /* PageScrollView */,
				0C5B855B1C900C2E00B7C8EF /* AppDelegate.h */,
				0C5B855C1C900C2E00B7C8EF /* AppDelegate.m */,
				0C5B855E1C900C2E00B7C8EF /* ViewController.h */,
				0C5B855F1C900C2E00B7C8EF /* ViewController.m */,
				0C5B85611C900C2E00B7C8EF /* Main.storyboard */,
				0C5B85641C900C2E00B7C8EF /* Assets.xcassets */,
				0C5B85661C900C2E00B7C8EF /* LaunchScreen.storyboard */,
				0C5B85691C900C2E00B7C8EF /* Info.plist */,
				0C5B85581C900C2E00B7C8EF /* Supporting Files */,
			);
			path = PageScrollView;
			sourceTree = "<group>";
		};
		0C5B85581C900C2E00B7C8EF /* Supporting Files */ = {
			isa = PBXGroup;
			children = (
				0C5B85591C900C2E00B7C8EF /* main.m */,
			);
			name = "Supporting Files";
			sourceTree = "<group>";
		};
		0C5B85711C900C2F00B7C8EF /* PageScrollViewTests */ = {
			isa = PBXGroup;
			children = (
				0C5B85721C900C2F00B7C8EF /* PageScrollViewTests.m */,
				0C5B85741C900C2F00B7C8EF /* Info.plist */,
			);
			path = PageScrollViewTests;
			sourceTree = "<group>";
		};
		0C5B857C1C900C2F00B7C8EF /* PageScrollViewUITests */ = {
			isa = PBXGroup;
			children = (
				0C5B857D1C900C2F00B7C8EF /* PageScrollViewUITests.m */,
				0C5B857F1C900C2F00B7C8EF /* Info.plist */,
			);
			path = PageScrollViewUITests;
			sourceTree = "<group>";
		};
		0C5B858B1C900C4C00B7C8EF /* PageScrollView */ = {
			isa = PBXGroup;
			children = (
				0C5B858C1C900C6900B7C8EF /* PageScrollView.h */,
				0C5B858D1C900C6900B7C8EF /* PageScrollView.m */,
			);
			path = PageScrollView;
			sourceTree = "<group>";
		};
		0C5B85931C92569D00B7C8EF /* ProgressHud */ = {
			isa = PBXGroup;
			children = (
				0C5B85941C9256B800B7C8EF /* ProgressHud.h */,
				0C5B85951C9256B800B7C8EF /* ProgressHud.m */,
			);
			path = ProgressHud;
			sourceTree = "<group>";
		};
/* End PBXGroup section */

/* Begin PBXNativeTarget section */
		0C5B85541C900C2E00B7C8EF /* PageScrollView */ = {
			isa = PBXNativeTarget;
			buildConfigurationList = 0C5B85821C900C2F00B7C8EF /* Build configuration list for PBXNativeTarget "PageScrollView" */;
			buildPhases = (
				0C5B85511C900C2E00B7C8EF /* Sources */,
				0C5B85521C900C2E00B7C8EF /* Frameworks */,
				0C5B85531C900C2E00B7C8EF /* Resources */,
			);
			buildRules = (
			);
			dependencies = (
			);
			name = PageScrollView;
			productName = PageScrollView;
			productReference = 0C5B85551C900C2E00B7C8EF /* PageScrollView.app */;
			productType = "com.apple.product-type.application";
		};
		0C5B856D1C900C2F00B7C8EF /* PageScrollViewTests */ = {
			isa = PBXNativeTarget;
			buildConfigurationList = 0C5B85851C900C2F00B7C8EF /* Build configuration list for PBXNativeTarget "PageScrollViewTests" */;
			buildPhases = (
				0C5B856A1C900C2F00B7C8EF /* Sources */,
				0C5B856B1C900C2F00B7C8EF /* Frameworks */,
				0C5B856C1C900C2F00B7C8EF /* Resources */,
			);
			buildRules = (
			);
			dependencies = (
				0C5B85701C900C2F00B7C8EF /* PBXTargetDependency */,
			);
			name = PageScrollViewTests;
			productName = PageScrollViewTests;
			productReference = 0C5B856E1C900C2F00B7C8EF /* PageScrollViewTests.xctest */;
			productType = "com.apple.product-type.bundle.unit-test";
		};
		0C5B85781C900C2F00B7C8EF /* PageScrollViewUITests */ = {
			isa = PBXNativeTarget;
			buildConfigurationList = 0C5B85881C900C2F00B7C8EF /* Build configuration list for PBXNativeTarget "PageScrollViewUITests" */;
			buildPhases = (
				0C5B85751C900C2F00B7C8EF /* Sources */,
				0C5B85761C900C2F00B7C8EF /* Frameworks */,
				0C5B85771C900C2F00B7C8EF /* Resources */,
			);
			buildRules = (
			);
			dependencies = (
				0C5B857B1C900C2F00B7C8EF /* PBXTargetDependency */,
			);
			name = PageScrollViewUITests;
			productName = PageScrollViewUITests;
			productReference = 0C5B85791C900C2F00B7C8EF /* PageScrollViewUITests.xctest */;
			productType = "com.apple.product-type.bundle.ui-testing";
		};
/* End PBXNativeTarget section */

/* Begin PBXProject section */
		0C5B854D1C900C2E00B7C8EF /* Project object */ = {
			isa = PBXProject;
			attributes = {
				LastUpgradeCheck = 0720;
				ORGANIZATIONNAME = YCS;
				TargetAttributes = {
					0C5B85541C900C2E00B7C8EF = {
						CreatedOnToolsVersion = 7.2;
					};
					0C5B856D1C900C2F00B7C8EF = {
						CreatedOnToolsVersion = 7.2;
						TestTargetID = 0C5B85541C900C2E00B7C8EF;
					};
					0C5B85781C900C2F00B7C8EF = {
						CreatedOnToolsVersion = 7.2;
						TestTargetID = 0C5B85541C900C2E00B7C8EF;
					};
				};
			};
			buildConfigurationList = 0C5B85501C900C2E00B7C8EF /* Build configuration list for PBXProject "PageScrollView" */;
			compatibilityVersion = "Xcode 3.2";
			developmentRegion = English;
			hasScannedForEncodings = 0;
			knownRegions = (
				en,
				Base,
			);
			mainGroup = 0C5B854C1C900C2E00B7C8EF;
			productRefGroup = 0C5B85561C900C2E00B7C8EF /* Products */;
			projectDirPath = "";
			projectRoot = "";
			targets = (
				0C5B85541C900C2E00B7C8EF /* PageScrollView */,
				0C5B856D1C900C2F00B7C8EF /* PageScrollViewTests */,
				0C5B85781C900C2F00B7C8EF /* PageScrollViewUITests */,
			);
		};
/* End PBXProject section */

/* Begin PBXResourcesBuildPhase section */
		0C5B85531C900C2E00B7C8EF /* Resources */ = {
			isa = PBXResourcesBuildPhase;
			buildActionMask = 2147483647;
			files = (
				0C5B85681C900C2E00B7C8EF /* LaunchScreen.storyboard in Resources */,
				0C59F5291C983C7700BFEDDB /* demo.gif in Resources */,
				0C5B85651C900C2E00B7C8EF /* Assets.xcassets in Resources */,
				0C5B85631C900C2E00B7C8EF /* Main.storyboard in Resources */,
			);
			runOnlyForDeploymentPostprocessing = 0;
		};
		0C5B856C1C900C2F00B7C8EF /* Resources */ = {
			isa = PBXResourcesBuildPhase;
			buildActionMask = 2147483647;
			files = (
			);
			runOnlyForDeploymentPostprocessing = 0;
		};
		0C5B85771C900C2F00B7C8EF /* Resources */ = {
			isa = PBXResourcesBuildPhase;
			buildActionMask = 2147483647;
			files = (
			);
			runOnlyForDeploymentPostprocessing = 0;
		};
/* End PBXResourcesBuildPhase section */

/* Begin PBXSourcesBuildPhase section */
		0C5B85511C900C2E00B7C8EF /* Sources */ = {
			isa = PBXSourcesBuildPhase;
			buildActionMask = 2147483647;
			files = (
				0C5B85601C900C2E00B7C8EF /* ViewController.m in Sources */,
				0C5B855D1C900C2E00B7C8EF /* AppDelegate.m in Sources */,
				0C5B858E1C900C6900B7C8EF /* PageScrollView.m in Sources */,
				0C5B855A1C900C2E00B7C8EF /* main.m in Sources */,
				0C5B85961C9256B800B7C8EF /* ProgressHud.m in Sources */,
			);
			runOnlyForDeploymentPostprocessing = 0;
		};
		0C5B856A1C900C2F00B7C8EF /* Sources */ = {
			isa = PBXSourcesBuildPhase;
			buildActionMask = 2147483647;
			files = (
				0C5B85731C900C2F00B7C8EF /* PageScrollViewTests.m in Sources */,
			);
			runOnlyForDeploymentPostprocessing = 0;
		};
		0C5B85751C900C2F00B7C8EF /* Sources */ = {
			isa = PBXSourcesBuildPhase;
			buildActionMask = 2147483647;
			files = (
				0C5B857E1C900C2F00B7C8EF /* PageScrollViewUITests.m in Sources */,
			);
			runOnlyForDeploymentPostprocessing = 0;
		};
/* End PBXSourcesBuildPhase section */

/* Begin PBXTargetDependency section */
		0C5B85701C900C2F00B7C8EF /* PBXTargetDependency */ = {
			isa = PBXTargetDependency;
			target = 0C5B85541C900C2E00B7C8EF /* PageScrollView */;
			targetProxy = 0C5B856F1C900C2F00B7C8EF /* PBXContainerItemProxy */;
		};
		0C5B857B1C900C2F00B7C8EF /* PBXTargetDependency */ = {
			isa = PBXTargetDependency;
			target = 0C5B85541C900C2E00B7C8EF /* PageScrollView */;
			targetProxy = 0C5B857A1C900C2F00B7C8EF /* PBXContainerItemProxy */;
		};
/* End PBXTargetDependency section */

/* Begin PBXVariantGroup section */
		0C5B85611C900C2E00B7C8EF /* Main.storyboard */ = {
			isa = PBXVariantGroup;
			children = (
				0C5B85621C900C2E00B7C8EF /* Base */,
			);
			name = Main.storyboard;
			sourceTree = "<group>";
		};
		0C5B85661C900C2E00B7C8EF /* LaunchScreen.storyboard */ = {
			isa = PBXVariantGroup;
			children = (
				0C5B85671C900C2E00B7C8EF /* Base */,
			);
			name = LaunchScreen.storyboard;
			sourceTree = "<group>";
		};
/* End PBXVariantGroup section */

/* Begin XCBuildConfiguration section */
		0C5B85801C900C2F00B7C8EF /* Debug */ = {
			isa = XCBuildConfiguration;
			buildSettings = {
				ALWAYS_SEARCH_USER_PATHS = NO;
				CLANG_CXX_LANGUAGE_STANDARD = "gnu++0x";
				CLANG_CXX_LIBRARY = "libc++";
				CLANG_ENABLE_MODULES = YES;
				CLANG_ENABLE_OBJC_ARC = YES;
				CLANG_WARN_BOOL_CONVERSION = YES;
				CLANG_WARN_CONSTANT_CONVERSION = YES;
				CLANG_WARN_DIRECT_OBJC_ISA_USAGE = YES_ERROR;
				CLANG_WARN_EMPTY_BODY = YES;
				CLANG_WARN_ENUM_CONVERSION = YES;
				CLANG_WARN_INT_CONVERSION = YES;
				CLANG_WARN_OBJC_ROOT_CLASS = YES_ERROR;
				CLANG_WARN_UNREACHABLE_CODE = YES;
				CLANG_WARN__DUPLICATE_METHOD_MATCH = YES;
				"CODE_SIGN_IDENTITY[sdk=iphoneos*]" = "iPhone Developer";
				COPY_PHASE_STRIP = NO;
				DEBUG_INFORMATION_FORMAT = dwarf;
				ENABLE_STRICT_OBJC_MSGSEND = YES;
				ENABLE_TESTABILITY = YES;
				GCC_C_LANGUAGE_STANDARD = gnu99;
				GCC_DYNAMIC_NO_PIC = NO;
				GCC_NO_COMMON_BLOCKS = YES;
				GCC_OPTIMIZATION_LEVEL = 0;
				GCC_PREPROCESSOR_DEFINITIONS = (
					"DEBUG=1",
					"$(inherited)",
				);
				GCC_WARN_64_TO_32_BIT_CONVERSION = YES;
				GCC_WARN_ABOUT_RETURN_TYPE = YES_ERROR;
				GCC_WARN_UNDECLARED_SELECTOR = YES;
				GCC_WARN_UNINITIALIZED_AUTOS = YES_AGGRESSIVE;
				GCC_WARN_UNUSED_FUNCTION = YES;
				GCC_WARN_UNUSED_VARIABLE = YES;
				IPHONEOS_DEPLOYMENT_TARGET = 9.2;
				MTL_ENABLE_DEBUG_INFO = YES;
				ONLY_ACTIVE_ARCH = YES;
				SDKROOT = iphoneos;
			};
			name = Debug;
		};
		0C5B85811C900C2F00B7C8EF /* Release */ = {
			isa = XCBuildConfiguration;
			buildSettings = {
				ALWAYS_SEARCH_USER_PATHS = NO;
				CLANG_CXX_LANGUAGE_STANDARD = "gnu++0x";
				CLANG_CXX_LIBRARY = "libc++";
				CLANG_ENABLE_MODULES = YES;
				CLANG_ENABLE_OBJC_ARC = YES;
				CLANG_WARN_BOOL_CONVERSION = YES;
				CLANG_WARN_CONSTANT_CONVERSION = YES;
				CLANG_WARN_DIRECT_OBJC_ISA_USAGE = YES_ERROR;
				CLANG_WARN_EMPTY_BODY = YES;
				CLANG_WARN_ENUM_CONVERSION = YES;
				CLANG_WARN_INT_CONVERSION = YES;
				CLANG_WARN_OBJC_ROOT_CLASS = YES_ERROR;
				CLANG_WARN_UNREACHABLE_CODE = YES;
				CLANG_WARN__DUPLICATE_METHOD_MATCH = YES;
				"CODE_SIGN_IDENTITY[sdk=iphoneos*]" = "iPhone Developer";
				COPY_PHASE_STRIP = NO;
				DEBUG_INFORMATION_FORMAT = "dwarf-with-dsym";
				ENABLE_NS_ASSERTIONS = NO;
				ENABLE_STRICT_OBJC_MSGSEND = YES;
				GCC_C_LANGUAGE_STANDARD = gnu99;
				GCC_NO_COMMON_BLOCKS = YES;
				GCC_WARN_64_TO_32_BIT_CONVERSION = YES;
				GCC_WARN_ABOUT_RETURN_TYPE = YES_ERROR;
				GCC_WARN_UNDECLARED_SELECTOR = YES;
				GCC_WARN_UNINITIALIZED_AUTOS = YES_AGGRESSIVE;
				GCC_WARN_UNUSED_FUNCTION = YES;
				GCC_WARN_UNUSED_VARIABLE = YES;
				IPHONEOS_DEPLOYMENT_TARGET = 9.2;
				MTL_ENABLE_DEBUG_INFO = NO;
				SDKROOT = iphoneos;
				VALIDATE_PRODUCT = YES;
			};
			name = Release;
		};
		0C5B85831C900C2F00B7C8EF /* Debug */ = {
			isa = XCBuildConfiguration;
			buildSettings = {
				ASSETCATALOG_COMPILER_APPICON_NAME = AppIcon;
				INFOPLIST_FILE = PageScrollView/Info.plist;
				LD_RUNPATH_SEARCH_PATHS = "$(inherited) @executable_path/Frameworks";
				PRODUCT_BUNDLE_IDENTIFIER = YCS.PageScrollView;
				PRODUCT_NAME = "$(TARGET_NAME)";
			};
			name = Debug;
		};
		0C5B85841C900C2F00B7C8EF /* Release */ = {
			isa = XCBuildConfiguration;
			buildSettings = {
				ASSETCATALOG_COMPILER_APPICON_NAME = AppIcon;
				INFOPLIST_FILE = PageScrollView/Info.plist;
				LD_RUNPATH_SEARCH_PATHS = "$(inherited) @executable_path/Frameworks";
				PRODUCT_BUNDLE_IDENTIFIER = YCS.PageScrollView;
				PRODUCT_NAME = "$(TARGET_NAME)";
			};
			name = Release;
		};
		0C5B85861C900C2F00B7C8EF /* Debug */ = {
			isa = XCBuildConfiguration;
			buildSettings = {
				BUNDLE_LOADER = "$(TEST_HOST)";
				INFOPLIST_FILE = PageScrollViewTests/Info.plist;
				LD_RUNPATH_SEARCH_PATHS = "$(inherited) @executable_path/Frameworks @loader_path/Frameworks";
				PRODUCT_BUNDLE_IDENTIFIER = YCS.PageScrollViewTests;
				PRODUCT_NAME = "$(TARGET_NAME)";
				TEST_HOST = "$(BUILT_PRODUCTS_DIR)/PageScrollView.app/PageScrollView";
			};
			name = Debug;
		};
		0C5B85871C900C2F00B7C8EF /* Release */ = {
			isa = XCBuildConfiguration;
			buildSettings = {
				BUNDLE_LOADER = "$(TEST_HOST)";
				INFOPLIST_FILE = PageScrollViewTests/Info.plist;
				LD_RUNPATH_SEARCH_PATHS = "$(inherited) @executable_path/Frameworks @loader_path/Frameworks";
				PRODUCT_BUNDLE_IDENTIFIER = YCS.PageScrollViewTests;
				PRODUCT_NAME = "$(TARGET_NAME)";
				TEST_HOST = "$(BUILT_PRODUCTS_DIR)/PageScrollView.app/PageScrollView";
			};
			name = Release;
		};
		0C5B85891C900C2F00B7C8EF /* Debug */ = {
			isa = XCBuildConfiguration;
			buildSettings = {
				INFOPLIST_FILE = PageScrollViewUITests/Info.plist;
				LD_RUNPATH_SEARCH_PATHS = "$(inherited) @executable_path/Frameworks @loader_path/Frameworks";
				PRODUCT_BUNDLE_IDENTIFIER = YCS.PageScrollViewUITests;
				PRODUCT_NAME = "$(TARGET_NAME)";
				TEST_TARGET_NAME = PageScrollView;
				USES_XCTRUNNER = YES;
			};
			name = Debug;
		};
		0C5B858A1C900C2F00B7C8EF /* Release */ = {
			isa = XCBuildConfiguration;
			buildSettings = {
				INFOPLIST_FILE = PageScrollViewUITests/Info.plist;
				LD_RUNPATH_SEARCH_PATHS = "$(inherited) @executable_path/Frameworks @loader_path/Frameworks";
				PRODUCT_BUNDLE_IDENTIFIER = YCS.PageScrollViewUITests;
				PRODUCT_NAME = "$(TARGET_NAME)";
				TEST_TARGET_NAME = PageScrollView;
				USES_XCTRUNNER = YES;
			};
			name = Release;
		};
/* End XCBuildConfiguration section */

/* Begin XCConfigurationList section */
		0C5B85501C900C2E00B7C8EF /* Build configuration list for PBXProject "PageScrollView" */ = {
			isa = XCConfigurationList;
			buildConfigurations = (
				0C5B85801C900C2F00B7C8EF /* Debug */,
				0C5B85811C900C2F00B7C8EF /* Release */,
			);
			defaultConfigurationIsVisible = 0;
			defaultConfigurationName = Release;
		};
		0C5B85821C900C2F00B7C8EF /* Build configuration list for PBXNativeTarget "PageScrollView" */ = {
			isa = XCConfigurationList;
			buildConfigurations = (
				0C5B85831C900C2F00B7C8EF /* Debug */,
				0C5B85841C900C2F00B7C8EF /* Release */,
			);
			defaultConfigurationIsVisible = 0;
			defaultConfigurationName = Release;
		};
		0C5B85851C900C2F00B7C8EF /* Build configuration list for PBXNativeTarget "PageScrollViewTests" */ = {
			isa = XCConfigurationList;
			buildConfigurations = (
				0C5B85861C900C2F00B7C8EF /* Debug */,
				0C5B85871C900C2F00B7C8EF /* Release */,
			);
			defaultConfigurationIsVisible = 0;
			defaultConfigurationName = Release;
		};
		0C5B85881C900C2F00B7C8EF /* Build configuration list for PBXNativeTarget "PageScrollViewUITests" */ = {
			isa = XCConfigurationList;
			buildConfigurations = (
				0C5B85891C900C2F00B7C8EF /* Debug */,
				0C5B858A1C900C2F00B7C8EF /* Release */,
			);
			defaultConfigurationIsVisible = 0;
			defaultConfigurationName = Release;
		};
/* End XCConfigurationList section */
	};
	rootObject = 0C5B854D1C900C2E00B7C8EF /* Project object */;
}
